{
  "object": {
    "pins": [
      {
        "package": "StepperView",
        "repositoryURL": "https://github.com/badrinathvm/StepperView.git",
        "state": {
          "branch": "master",
          "revision": "c66fb84c640fbc312f4eead0b7ae2a77f93e0839",
          "version": null
        }
      }
    ]
  },
  "version": 1
}
